// !$*UTF8*$!
{
	archiveVersion = 1;
	classes = {
	};
	objectVersion = 77;
	objects = {

/* Begin PBXBuildFile section */
		C10000000000000000000021 /* MinuteDataModel.swift in Sources */ = {isa = PBXBuildFile; fileRef = C10000000000000000000003 /* MinuteDataModel.swift */; };
		C10000000000000000000022 /* MinuteDataService.swift in Sources */ = {isa = PBXBuildFile; fileRef = C10000000000000000000004 /* MinuteDataService.swift */; };
		C10000000000000000000023 /* SmartInputParser.swift in Sources */ = {isa = PBXBuildFile; fileRef = C10000000000000000000005 /* SmartInputParser.swift */; };
		C10000000000000000000027 /* DueDateSupport.swift in Sources */ = {isa = PBXBuildFile; fileRef = C10000000000000000000007 /* DueDateSupport.swift */; };
		C10000000000000000000024 /* MinuteWidgetSnapshot.swift in Sources */ = {isa = PBXBuildFile; fileRef = C10000000000000000000006 /* MinuteWidgetSnapshot.swift */; };
		C10000000000000000000025 /* MinuteWidgetSnapshot.swift in Widget Sources */ = {isa = PBXBuildFile; fileRef = C10000000000000000000006 /* MinuteWidgetSnapshot.swift */; };
		C10000000000000000000028 /* MinuteWidgetSnapshot.swift in Minute Sources */ = {isa = PBXBuildFile; fileRef = C10000000000000000000006 /* MinuteWidgetSnapshot.swift */; };
		C10000000000000000000029 /* MinuteWidgetSnapshotBuilder.swift in Minute Sources */ = {isa = PBXBuildFile; fileRef = C10000000000000000000008 /* MinuteWidgetSnapshotBuilder.swift */; };
		C1000000000000000000002A /* MinuteModelContainer.swift in Sources */ = {isa = PBXBuildFile; fileRef = C10000000000000000000009 /* MinuteModelContainer.swift */; };
		C1000000000000000000002B /* MinuteNotificationScheduling.swift in Sources */ = {isa = PBXBuildFile; fileRef = C1000000000000000000000A /* MinuteNotificationScheduling.swift */; };
		C10000000000000000000026 /* MinuteWidget.appex in Embed App Extensions */ = {isa = PBXBuildFile; fileRef = C10000000000000000000002 /* MinuteWidget.appex */; settings = {ATTRIBUTES = (RemoveHeadersOnCopy, ); }; };
/* End PBXBuildFile section */

/* Begin PBXFileReference section */
		7B5A08782F08554900FA9623 /* Minute.app */ = {isa = PBXFileReference; explicitFileType = wrapper.application; includeInIndex = 0; path = Minute.app; sourceTree = BUILT_PRODUCTS_DIR; };
		B10000000000000000000001 /* MinuteTests.xctest */ = {isa = PBXFileReference; explicitFileType = wrapper.cfbundle; includeInIndex = 0; path = MinuteTests.xctest; sourceTree = BUILT_PRODUCTS_DIR; };
		C10000000000000000000001 /* Minute iOS.app */ = {isa = PBXFileReference; explicitFileType = wrapper.application; includeInIndex = 0; path = "Minute iOS.app"; sourceTree = BUILT_PRODUCTS_DIR; };
		C10000000000000000000002 /* MinuteWidget.appex */ = {isa = PBXFileReference; explicitFileType = wrapper.app-extension; includeInIndex = 0; path = MinuteWidget.appex; sourceTree = BUILT_PRODUCTS_DIR; };
		C10000000000000000000003 /* MinuteDataModel.swift */ = {isa = PBXFileReference; lastKnownFileType = sourcecode.swift; path = Minute/MinuteDataModel.swift; sourceTree = "<group>"; };
		C10000000000000000000004 /* MinuteDataService.swift */ = {isa = PBXFileReference; lastKnownFileType = sourcecode.swift; path = Minute/MinuteDataService.swift; sourceTree = "<group>"; };
		C10000000000000000000005 /* SmartInputParser.swift */ = {isa = PBXFileReference; lastKnownFileType = sourcecode.swift; path = Minute/SmartInputParser.swift; sourceTree = "<group>"; };
		C10000000000000000000007 /* DueDateSupport.swift */ = {isa = PBXFileReference; lastKnownFileType = sourcecode.swift; path = Minute/DueDateSupport.swift; sourceTree = "<group>"; };
		C10000000000000000000006 /* MinuteWidgetSnapshot.swift */ = {isa = PBXFileReference; lastKnownFileType = sourcecode.swift; path = MinuteWidgetSnapshot.swift; sourceTree = "<group>"; };
		C10000000000000000000008 /* MinuteWidgetSnapshotBuilder.swift */ = {isa = PBXFileReference; lastKnownFileType = sourcecode.swift; path = MinuteIOS/MinuteWidgetSnapshotBuilder.swift; sourceTree = "<group>"; };
		C10000000000000000000009 /* MinuteModelContainer.swift */ = {isa = PBXFileReference; lastKnownFileType = sourcecode.swift; path = Minute/MinuteModelContainer.swift; sourceTree = "<group>"; };
		C1000000000000000000000A /* MinuteNotificationScheduling.swift */ = {isa = PBXFileReference; lastKnownFileType = sourcecode.swift; path = Minute/MinuteNotificationScheduling.swift; sourceTree = "<group>"; };
/* End PBXFileReference section */

/* Begin PBXFileSystemSynchronizedRootGroup section */
		7B5A087A2F08554900FA9623 /* Minute */ = {
			isa = PBXFileSystemSynchronizedRootGroup;
			path = Minute;
			sourceTree = "<group>";
		};
		B10000000000000000000002 /* MinuteTests */ = {
			isa = PBXFileSystemSynchronizedRootGroup;
			path = MinuteTests;
			sourceTree = "<group>";
		};
		C10000000000000000000010 /* MinuteIOS */ = {
			isa = PBXFileSystemSynchronizedRootGroup;
			path = MinuteIOS;
			sourceTree = "<group>";
		};
		C10000000000000000000011 /* MinuteWidget */ = {
			isa = PBXFileSystemSynchronizedRootGroup;
			path = MinuteWidget;
			sourceTree = "<group>";
		};
/* End PBXFileSystemSynchronizedRootGroup section */

/* Begin PBXFrameworksBuildPhase section */
		7B5A08752F08554900FA9623 /* Frameworks */ = {
			isa = PBXFrameworksBuildPhase;
			buildActionMask = 2147483647;
			files = (
			);
			runOnlyForDeploymentPostprocessing = 0;
		};
		B10000000000000000000003 /* Frameworks */ = {
			isa = PBXFrameworksBuildPhase;
			buildActionMask = 2147483647;
			files = (
			);
			runOnlyForDeploymentPostprocessing = 0;
		};
		C10000000000000000000034 /* iOS Frameworks */ = {
			isa = PBXFrameworksBuildPhase;
			buildActionMask = 2147483647;
			files = (
			);
			runOnlyForDeploymentPostprocessing = 0;
		};
		C10000000000000000000037 /* Widget Frameworks */ = {
			isa = PBXFrameworksBuildPhase;
			buildActionMask = 2147483647;
			files = (
			);
			runOnlyForDeploymentPostprocessing = 0;
		};
/* End PBXFrameworksBuildPhase section */

/* Begin PBXGroup section */
		7B5A086F2F08554900FA9623 = {
			isa = PBXGroup;
			children = (
				7B5A087A2F08554900FA9623 /* Minute */,
				B10000000000000000000002 /* MinuteTests */,
				C10000000000000000000010 /* MinuteIOS */,
				C10000000000000000000011 /* MinuteWidget */,
				C10000000000000000000012 /* MinuteWidgetShared */,
				C10000000000000000000003 /* MinuteDataModel.swift */,
				C10000000000000000000004 /* MinuteDataService.swift */,
				C10000000000000000000005 /* SmartInputParser.swift */,
				C10000000000000000000007 /* DueDateSupport.swift */,
				C10000000000000000000008 /* MinuteWidgetSnapshotBuilder.swift */,
				C10000000000000000000009 /* MinuteModelContainer.swift */,
				C1000000000000000000000A /* MinuteNotificationScheduling.swift */,
				7B5A08792F08554900FA9623 /* Products */,
			);
			sourceTree = "<group>";
		};
		C10000000000000000000012 /* MinuteWidgetShared */ = {
			isa = PBXGroup;
			children = (
				C10000000000000000000006 /* MinuteWidgetSnapshot.swift */,
			);
			path = MinuteWidgetShared;
			sourceTree = "<group>";
		};
		7B5A08792F08554900FA9623 /* Products */ = {
			isa = PBXGroup;
			children = (
				7B5A08782F08554900FA9623 /* Minute.app */,
				B10000000000000000000001 /* MinuteTests.xctest */,
				C10000000000000000000001 /* Minute iOS.app */,
				C10000000000000000000002 /* MinuteWidget.appex */,
			);
			name = Products;
			sourceTree = "<group>";
		};
/* End PBXGroup section */

/* Begin PBXContainerItemProxy section */
		C10000000000000000000030 /* PBXContainerItemProxy */ = {
			isa = PBXContainerItemProxy;
			containerPortal = 7B5A08702F08554900FA9623 /* Project object */;
			proxyType = 1;
			remoteGlobalIDString = C10000000000000000000041;
			remoteInfo = MinuteWidget;
		};
/* End PBXContainerItemProxy section */

/* Begin PBXContainerItemProxy section */
		B10000000000000000000004 /* PBXContainerItemProxy */ = {
			isa = PBXContainerItemProxy;
			containerPortal = 7B5A08702F08554900FA9623 /* Project object */;
			proxyType = 1;
			remoteGlobalIDString = 7B5A08772F08554900FA9623;
			remoteInfo = Minute;
		};
/* End PBXContainerItemProxy section */

/* Begin PBXTargetDependency section */
		B10000000000000000000005 /* PBXTargetDependency */ = {
			isa = PBXTargetDependency;
			target = 7B5A08772F08554900FA9623 /* Minute */;
			targetProxy = B10000000000000000000004 /* PBXContainerItemProxy */;
		};
		C10000000000000000000031 /* PBXTargetDependency */ = {
			isa = PBXTargetDependency;
			target = C10000000000000000000041 /* MinuteWidget */;
			targetProxy = C10000000000000000000030 /* PBXContainerItemProxy */;
		};
/* End PBXTargetDependency section */

/* Begin PBXNativeTarget section */
		7B5A08772F08554900FA9623 /* Minute */ = {
			isa = PBXNativeTarget;
			buildConfigurationList = 7B5A08832F08554A00FA9623 /* Build configuration list for PBXNativeTarget "Minute" */;
			buildPhases = (
				7B5A08742F08554900FA9623 /* Sources */,
				7B5A08752F08554900FA9623 /* Frameworks */,
				7B5A08762F08554900FA9623 /* Resources */,
			);
			buildRules = (
			);
			dependencies = (
			);
			fileSystemSynchronizedGroups = (
				7B5A087A2F08554900FA9623 /* Minute */,
			);
			name = Minute;
			packageProductDependencies = (
			);
			productName = Minute;
			productReference = 7B5A08782F08554900FA9623 /* Minute.app */;
			productType = "com.apple.product-type.application";
		};
		B10000000000000000000006 /* MinuteTests */ = {
			isa = PBXNativeTarget;
			buildConfigurationList = B10000000000000000000007 /* Build configuration list for PBXNativeTarget "MinuteTests" */;
			buildPhases = (
				B10000000000000000000008 /* Sources */,
				B10000000000000000000003 /* Frameworks */,
				B10000000000000000000009 /* Resources */,
			);
			buildRules = (
			);
			dependencies = (
				B10000000000000000000005 /* PBXTargetDependency */,
			);
			fileSystemSynchronizedGroups = (
				B10000000000000000000002 /* MinuteTests */,
			);
			name = MinuteTests;
			productName = MinuteTests;
			productReference = B10000000000000000000001 /* MinuteTests.xctest */;
			productType = "com.apple.product-type.bundle.unit-test";
		};
		C10000000000000000000040 /* Minute iOS */ = {
			isa = PBXNativeTarget;
			buildConfigurationList = C10000000000000000000050 /* Build configuration list for PBXNativeTarget "Minute iOS" */;
			buildPhases = (
				C10000000000000000000033 /* iOS Sources */,
				C10000000000000000000034 /* iOS Frameworks */,
				C10000000000000000000035 /* iOS Resources */,
				C10000000000000000000032 /* Embed App Extensions */,
			);
			buildRules = (
			);
			dependencies = (
				C10000000000000000000031 /* PBXTargetDependency */,
			);
			fileSystemSynchronizedGroups = (
				C10000000000000000000010 /* MinuteIOS */,
			);
			name = "Minute iOS";
			packageProductDependencies = (
			);
			productName = "Minute iOS";
			productReference = C10000000000000000000001 /* Minute iOS.app */;
			productType = "com.apple.product-type.application";
		};
		C10000000000000000000041 /* MinuteWidget */ = {
			isa = PBXNativeTarget;
			buildConfigurationList = C10000000000000000000051 /* Build configuration list for PBXNativeTarget "MinuteWidget" */;
			buildPhases = (
				C10000000000000000000036 /* Widget Sources */,
				C10000000000000000000037 /* Widget Frameworks */,
				C10000000000000000000038 /* Widget Resources */,
			);
			buildRules = (
			);
			dependencies = (
			);
			fileSystemSynchronizedGroups = (
				C10000000000000000000011 /* MinuteWidget */,
			);
			name = MinuteWidget;
			packageProductDependencies = (
			);
			productName = MinuteWidget;
			productReference = C10000000000000000000002 /* MinuteWidget.appex */;
			productType = "com.apple.product-type.app-extension";
		};
/* End PBXNativeTarget section */

/* Begin PBXProject section */
		7B5A08702F08554900FA9623 /* Project object */ = {
			isa = PBXProject;
			attributes = {
				BuildIndependentTargetsInParallel = 1;
				LastSwiftUpdateCheck = 2620;
				LastUpgradeCheck = 2620;
			TargetAttributes = {
				7B5A08772F08554900FA9623 = {
					CreatedOnToolsVersion = 26.2;
				};
				C10000000000000000000040 = {
					CreatedOnToolsVersion = 26.2;
				};
				C10000000000000000000041 = {
					CreatedOnToolsVersion = 26.2;
				};
			};
			};
			buildConfigurationList = 7B5A08732F08554900FA9623 /* Build configuration list for PBXProject "Minute" */;
			developmentRegion = en;
			hasScannedForEncodings = 0;
			knownRegions = (
				en,
				Base,
			);
			mainGroup = 7B5A086F2F08554900FA9623;
			minimizedProjectReferenceProxies = 1;
			preferredProjectObjectVersion = 77;
			productRefGroup = 7B5A08792F08554900FA9623 /* Products */;
			projectDirPath = "";
			projectRoot = "";
			targets = (
				7B5A08772F08554900FA9623 /* Minute */,
				B10000000000000000000006 /* MinuteTests */,
				C10000000000000000000040 /* Minute iOS */,
				C10000000000000000000041 /* MinuteWidget */,
			);
		};
/* End PBXProject section */

/* Begin PBXResourcesBuildPhase section */
		7B5A08762F08554900FA9623 /* Resources */ = {
			isa = PBXResourcesBuildPhase;
			buildActionMask = 2147483647;
			files = (
			);
			runOnlyForDeploymentPostprocessing = 0;
		};
		B10000000000000000000009 /* Resources */ = {
			isa = PBXResourcesBuildPhase;
			buildActionMask = 2147483647;
			files = (
			);
			runOnlyForDeploymentPostprocessing = 0;
		};
		C10000000000000000000035 /* iOS Resources */ = {
			isa = PBXResourcesBuildPhase;
			buildActionMask = 2147483647;
			files = (
			);
			runOnlyForDeploymentPostprocessing = 0;
		};
		C10000000000000000000038 /* Widget Resources */ = {
			isa = PBXResourcesBuildPhase;
			buildActionMask = 2147483647;
			files = (
			);
			runOnlyForDeploymentPostprocessing = 0;
		};
/* End PBXResourcesBuildPhase section */

/* Begin PBXSourcesBuildPhase section */
		7B5A08742F08554900FA9623 /* Sources */ = {
			isa = PBXSourcesBuildPhase;
			buildActionMask = 2147483647;
			files = (
				C10000000000000000000028 /* MinuteWidgetSnapshot.swift in Minute Sources */,
				C10000000000000000000029 /* MinuteWidgetSnapshotBuilder.swift in Minute Sources */,
			);
			runOnlyForDeploymentPostprocessing = 0;
		};
		B10000000000000000000008 /* Sources */ = {
			isa = PBXSourcesBuildPhase;
			buildActionMask = 2147483647;
			files = (
			);
			runOnlyForDeploymentPostprocessing = 0;
		};
		C10000000000000000000033 /* iOS Sources */ = {
			isa = PBXSourcesBuildPhase;
			buildActionMask = 2147483647;
			files = (
				C10000000000000000000021 /* MinuteDataModel.swift in Sources */,
				C10000000000000000000022 /* MinuteDataService.swift in Sources */,
				C10000000000000000000023 /* SmartInputParser.swift in Sources */,
				C10000000000000000000027 /* DueDateSupport.swift in Sources */,
				C10000000000000000000024 /* MinuteWidgetSnapshot.swift in Sources */,
				C1000000000000000000002A /* MinuteModelContainer.swift in Sources */,
				C1000000000000000000002B /* MinuteNotificationScheduling.swift in Sources */,
			);
			runOnlyForDeploymentPostprocessing = 0;
		};
		C10000000000000000000036 /* Widget Sources */ = {
			isa = PBXSourcesBuildPhase;
			buildActionMask = 2147483647;
			files = (
				C10000000000000000000025 /* MinuteWidgetSnapshot.swift in Widget Sources */,
			);
			runOnlyForDeploymentPostprocessing = 0;
		};
/* End PBXSourcesBuildPhase section */

/* Begin PBXCopyFilesBuildPhase section */
		C10000000000000000000032 /* Embed App Extensions */ = {
			isa = PBXCopyFilesBuildPhase;
			buildActionMask = 2147483647;
			dstPath = "";
			dstSubfolderSpec = 13;
			files = (
				C10000000000000000000026 /* MinuteWidget.appex in Embed App Extensions */,
			);
			name = "Embed App Extensions";
			runOnlyForDeploymentPostprocessing = 0;
		};
/* End PBXCopyFilesBuildPhase section */

/* Begin XCBuildConfiguration section */
		7B5A08812F08554A00FA9623 /* Debug */ = {
			isa = XCBuildConfiguration;
			buildSettings = {
				ALWAYS_SEARCH_USER_PATHS = NO;
				ASSETCATALOG_COMPILER_GENERATE_SWIFT_ASSET_SYMBOL_EXTENSIONS = YES;
				CLANG_ANALYZER_NONNULL = YES;
				CLANG_ANALYZER_NUMBER_OBJECT_CONVERSION = YES_AGGRESSIVE;
				CLANG_CXX_LANGUAGE_STANDARD = "gnu++20";
				CLANG_ENABLE_MODULES = YES;
				CLANG_ENABLE_OBJC_ARC = YES;
				CLANG_ENABLE_OBJC_WEAK = YES;
				CLANG_WARN_BLOCK_CAPTURE_AUTORELEASING = YES;
				CLANG_WARN_BOOL_CONVERSION = YES;
				CLANG_WARN_COMMA = YES;
				CLANG_WARN_CONSTANT_CONVERSION = YES;
				CLANG_WARN_DEPRECATED_OBJC_IMPLEMENTATIONS = YES;
				CLANG_WARN_DIRECT_OBJC_ISA_USAGE = YES_ERROR;
				CLANG_WARN_DOCUMENTATION_COMMENTS = YES;
				CLANG_WARN_EMPTY_BODY = YES;
				CLANG_WARN_ENUM_CONVERSION = YES;
				CLANG_WARN_INFINITE_RECURSION = YES;
				CLANG_WARN_INT_CONVERSION = YES;
				CLANG_WARN_NON_LITERAL_NULL_CONVERSION = YES;
				CLANG_WARN_OBJC_IMPLICIT_RETAIN_SELF = YES;
				CLANG_WARN_OBJC_LITERAL_CONVERSION = YES;
				CLANG_WARN_OBJC_ROOT_CLASS = YES_ERROR;
				CLANG_WARN_QUOTED_INCLUDE_IN_FRAMEWORK_HEADER = YES;
				CLANG_WARN_RANGE_LOOP_ANALYSIS = YES;
				CLANG_WARN_STRICT_PROTOTYPES = YES;
				CLANG_WARN_SUSPICIOUS_MOVE = YES;
				CLANG_WARN_UNGUARDED_AVAILABILITY = YES_AGGRESSIVE;
				CLANG_WARN_UNREACHABLE_CODE = YES;
				CLANG_WARN__DUPLICATE_METHOD_MATCH = YES;
				COPY_PHASE_STRIP = NO;
				DEBUG_INFORMATION_FORMAT = dwarf;
				ENABLE_STRICT_OBJC_MSGSEND = YES;
				ENABLE_TESTABILITY = YES;
				ENABLE_USER_SCRIPT_SANDBOXING = YES;
				GCC_C_LANGUAGE_STANDARD = gnu17;
				GCC_DYNAMIC_NO_PIC = NO;
				GCC_NO_COMMON_BLOCKS = YES;
				GCC_OPTIMIZATION_LEVEL = 0;
				GCC_PREPROCESSOR_DEFINITIONS = (
					"DEBUG=1",
					"$(inherited)",
				);
				GCC_WARN_64_TO_32_BIT_CONVERSION = YES;
				GCC_WARN_ABOUT_RETURN_TYPE = YES_ERROR;
				GCC_WARN_UNDECLARED_SELECTOR = YES;
				GCC_WARN_UNINITIALIZED_AUTOS = YES_AGGRESSIVE;
				GCC_WARN_UNUSED_FUNCTION = YES;
				GCC_WARN_UNUSED_VARIABLE = YES;
				LOCALIZATION_PREFERS_STRING_CATALOGS = YES;
				MACOSX_DEPLOYMENT_TARGET = 26.2;
				MTL_ENABLE_DEBUG_INFO = INCLUDE_SOURCE;
				MTL_FAST_MATH = YES;
				ONLY_ACTIVE_ARCH = YES;
				SDKROOT = macosx;
				SWIFT_ACTIVE_COMPILATION_CONDITIONS = "DEBUG $(inherited)";
				SWIFT_OPTIMIZATION_LEVEL = "-Onone";
			};
			name = Debug;
		};
		7B5A08822F08554A00FA9623 /* Release */ = {
			isa = XCBuildConfiguration;
			buildSettings = {
				ALWAYS_SEARCH_USER_PATHS = NO;
				ASSETCATALOG_COMPILER_GENERATE_SWIFT_ASSET_SYMBOL_EXTENSIONS = YES;
				CLANG_ANALYZER_NONNULL = YES;
				CLANG_ANALYZER_NUMBER_OBJECT_CONVERSION = YES_AGGRESSIVE;
				CLANG_CXX_LANGUAGE_STANDARD = "gnu++20";
				CLANG_ENABLE_MODULES = YES;
				CLANG_ENABLE_OBJC_ARC = YES;
				CLANG_ENABLE_OBJC_WEAK = YES;
				CLANG_WARN_BLOCK_CAPTURE_AUTORELEASING = YES;
				CLANG_WARN_BOOL_CONVERSION = YES;
				CLANG_WARN_COMMA = YES;
				CLANG_WARN_CONSTANT_CONVERSION = YES;
				CLANG_WARN_DEPRECATED_OBJC_IMPLEMENTATIONS = YES;
				CLANG_WARN_DIRECT_OBJC_ISA_USAGE = YES_ERROR;
				CLANG_WARN_DOCUMENTATION_COMMENTS = YES;
				CLANG_WARN_EMPTY_BODY = YES;
				CLANG_WARN_ENUM_CONVERSION = YES;
				CLANG_WARN_INFINITE_RECURSION = YES;
				CLANG_WARN_INT_CONVERSION = YES;
				CLANG_WARN_NON_LITERAL_NULL_CONVERSION = YES;
				CLANG_WARN_OBJC_IMPLICIT_RETAIN_SELF = YES;
				CLANG_WARN_OBJC_LITERAL_CONVERSION = YES;
				CLANG_WARN_OBJC_ROOT_CLASS = YES_ERROR;
				CLANG_WARN_QUOTED_INCLUDE_IN_FRAMEWORK_HEADER = YES;
				CLANG_WARN_RANGE_LOOP_ANALYSIS = YES;
				CLANG_WARN_STRICT_PROTOTYPES = YES;
				CLANG_WARN_SUSPICIOUS_MOVE = YES;
				CLANG_WARN_UNGUARDED_AVAILABILITY = YES_AGGRESSIVE;
				CLANG_WARN_UNREACHABLE_CODE = YES;
				CLANG_WARN__DUPLICATE_METHOD_MATCH = YES;
				COPY_PHASE_STRIP = NO;
				DEBUG_INFORMATION_FORMAT = "dwarf-with-dsym";
				ENABLE_NS_ASSERTIONS = NO;
				ENABLE_STRICT_OBJC_MSGSEND = YES;
				ENABLE_USER_SCRIPT_SANDBOXING = YES;
				GCC_C_LANGUAGE_STANDARD = gnu17;
				GCC_NO_COMMON_BLOCKS = YES;
				GCC_WARN_64_TO_32_BIT_CONVERSION = YES;
				GCC_WARN_ABOUT_RETURN_TYPE = YES_ERROR;
				GCC_WARN_UNDECLARED_SELECTOR = YES;
				GCC_WARN_UNINITIALIZED_AUTOS = YES_AGGRESSIVE;
				GCC_WARN_UNUSED_FUNCTION = YES;
				GCC_WARN_UNUSED_VARIABLE = YES;
				LOCALIZATION_PREFERS_STRING_CATALOGS = YES;
				MACOSX_DEPLOYMENT_TARGET = 26.2;
				MTL_ENABLE_DEBUG_INFO = NO;
				MTL_FAST_MATH = YES;
				SDKROOT = macosx;
				SWIFT_COMPILATION_MODE = wholemodule;
			};
			name = Release;
		};
		7B5A08842F08554A00FA9623 /* Debug */ = {
			isa = XCBuildConfiguration;
			buildSettings = {
				ASSETCATALOG_COMPILER_APPICON_NAME = AppIcon;
				ASSETCATALOG_COMPILER_GLOBAL_ACCENT_COLOR_NAME = AccentColor;
				CODE_SIGN_ENTITLEMENTS = Minute/Minute.entitlements;
				"CODE_SIGN_IDENTITY[sdk=macosx*]" = "Apple Development";
				CODE_SIGN_STYLE = Automatic;
				COMBINE_HIDPI_IMAGES = YES;
				CURRENT_PROJECT_VERSION = 1;
				DEVELOPMENT_TEAM = RSNC24Q9XR;
				ENABLE_APP_SANDBOX = YES;
				ENABLE_INCOMING_NETWORK_CONNECTIONS = NO;
				ENABLE_OUTGOING_NETWORK_CONNECTIONS = YES;
				ENABLE_PREVIEWS = YES;
				ENABLE_RESOURCE_ACCESS_AUDIO_INPUT = NO;
				ENABLE_RESOURCE_ACCESS_BLUETOOTH = NO;
				ENABLE_RESOURCE_ACCESS_CALENDARS = YES;
				ENABLE_RESOURCE_ACCESS_CAMERA = NO;
				ENABLE_RESOURCE_ACCESS_CONTACTS = NO;
				ENABLE_RESOURCE_ACCESS_LOCATION = NO;
				ENABLE_RESOURCE_ACCESS_PRINTING = NO;
				ENABLE_RESOURCE_ACCESS_USB = NO;
				ENABLE_USER_SELECTED_FILES = readonly;
				GENERATE_INFOPLIST_FILE = YES;
				INFOPLIST_KEY_NSCalendarsFullAccessUsageDescription = "Minute needs full access to your calendar to display events and help you plan your day.";
				INFOPLIST_KEY_NSHumanReadableCopyright = "";
				LD_RUNPATH_SEARCH_PATHS = (
					"$(inherited)",
					"@executable_path/../Frameworks",
				);
				MARKETING_VERSION = 1.0;
				PRODUCT_BUNDLE_IDENTIFIER = com.tychoyoung.Minute;
				PRODUCT_NAME = "$(TARGET_NAME)";
				REGISTER_APP_GROUPS = YES;
				STRING_CATALOG_GENERATE_SYMBOLS = YES;
				SWIFT_APPROACHABLE_CONCURRENCY = YES;
				SWIFT_DEFAULT_ACTOR_ISOLATION = MainActor;
				SWIFT_EMIT_LOC_STRINGS = YES;
				SWIFT_UPCOMING_FEATURE_MEMBER_IMPORT_VISIBILITY = YES;
				SWIFT_VERSION = 5.0;
			};
			name = Debug;
		};
		7B5A08852F08554A00FA9623 /* Release */ = {
			isa = XCBuildConfiguration;
			buildSettings = {
				ASSETCATALOG_COMPILER_APPICON_NAME = AppIcon;
				ASSETCATALOG_COMPILER_GLOBAL_ACCENT_COLOR_NAME = AccentColor;
				CODE_SIGN_ENTITLEMENTS = Minute/Minute.entitlements;
				"CODE_SIGN_IDENTITY[sdk=macosx*]" = "Apple Development";
				CODE_SIGN_STYLE = Automatic;
				COMBINE_HIDPI_IMAGES = YES;
				CURRENT_PROJECT_VERSION = 1;
				DEVELOPMENT_TEAM = RSNC24Q9XR;
				ENABLE_APP_SANDBOX = YES;
				ENABLE_INCOMING_NETWORK_CONNECTIONS = NO;
				ENABLE_OUTGOING_NETWORK_CONNECTIONS = YES;
				ENABLE_PREVIEWS = YES;
				ENABLE_RESOURCE_ACCESS_AUDIO_INPUT = NO;
				ENABLE_RESOURCE_ACCESS_BLUETOOTH = NO;
				ENABLE_RESOURCE_ACCESS_CALENDARS = YES;
				ENABLE_RESOURCE_ACCESS_CAMERA = NO;
				ENABLE_RESOURCE_ACCESS_CONTACTS = NO;
				ENABLE_RESOURCE_ACCESS_LOCATION = NO;
				ENABLE_RESOURCE_ACCESS_PRINTING = NO;
				ENABLE_RESOURCE_ACCESS_USB = NO;
				ENABLE_USER_SELECTED_FILES = readonly;
				GENERATE_INFOPLIST_FILE = YES;
				INFOPLIST_KEY_NSCalendarsFullAccessUsageDescription = "Minute needs full access to your calendar to display events and help you plan your day.";
				INFOPLIST_KEY_NSHumanReadableCopyright = "";
				LD_RUNPATH_SEARCH_PATHS = (
					"$(inherited)",
					"@executable_path/../Frameworks",
				);
				MARKETING_VERSION = 1.0;
				PRODUCT_BUNDLE_IDENTIFIER = com.tychoyoung.Minute;
				PRODUCT_NAME = "$(TARGET_NAME)";
				REGISTER_APP_GROUPS = YES;
				STRING_CATALOG_GENERATE_SYMBOLS = YES;
				SWIFT_APPROACHABLE_CONCURRENCY = YES;
				SWIFT_DEFAULT_ACTOR_ISOLATION = MainActor;
				SWIFT_EMIT_LOC_STRINGS = YES;
				SWIFT_UPCOMING_FEATURE_MEMBER_IMPORT_VISIBILITY = YES;
				SWIFT_VERSION = 5.0;
			};
			name = Release;
		};
		B1000000000000000000000A /* Debug */ = {
			isa = XCBuildConfiguration;
			buildSettings = {
				BUNDLE_LOADER = "$(TEST_HOST)";
				GENERATE_INFOPLIST_FILE = YES;
				LD_RUNPATH_SEARCH_PATHS = (
					"$(inherited)",
					"@executable_path/../Frameworks",
				);
				MACOSX_DEPLOYMENT_TARGET = 26.2;
				PRODUCT_BUNDLE_IDENTIFIER = com.tychoyoung.MinuteTests;
				PRODUCT_NAME = "$(TARGET_NAME)";
				SWIFT_DEFAULT_ACTOR_ISOLATION = MainActor;
				SWIFT_VERSION = 5.0;
				TEST_HOST = "$(BUILT_PRODUCTS_DIR)/Minute.app/Contents/MacOS/Minute";
			};
			name = Debug;
		};
		B1000000000000000000000B /* Release */ = {
			isa = XCBuildConfiguration;
			buildSettings = {
				BUNDLE_LOADER = "$(TEST_HOST)";
				GENERATE_INFOPLIST_FILE = YES;
				LD_RUNPATH_SEARCH_PATHS = (
					"$(inherited)",
					"@executable_path/../Frameworks",
				);
				MACOSX_DEPLOYMENT_TARGET = 26.2;
				PRODUCT_BUNDLE_IDENTIFIER = com.tychoyoung.MinuteTests;
				PRODUCT_NAME = "$(TARGET_NAME)";
				SWIFT_COMPILATION_MODE = wholemodule;
				SWIFT_DEFAULT_ACTOR_ISOLATION = MainActor;
				SWIFT_VERSION = 5.0;
				TEST_HOST = "$(BUILT_PRODUCTS_DIR)/Minute.app/Contents/MacOS/Minute";
			};
			name = Release;
		};
		C10000000000000000000052 /* Debug */ = {
			isa = XCBuildConfiguration;
			buildSettings = {
				CODE_SIGN_ENTITLEMENTS = MinuteIOS/MinuteIOS.entitlements;
				CODE_SIGN_STYLE = Automatic;
				CURRENT_PROJECT_VERSION = 1;
				DEVELOPMENT_TEAM = RSNC24Q9XR;
				ENABLE_PREVIEWS = YES;
				GENERATE_INFOPLIST_FILE = NO;
				INFOPLIST_FILE = MinuteIOSInfo.plist;
				IPHONEOS_DEPLOYMENT_TARGET = 17.0;
				LD_RUNPATH_SEARCH_PATHS = (
					"$(inherited)",
					"@executable_path/Frameworks",
				);
				MARKETING_VERSION = 1.0;
				PRODUCT_BUNDLE_IDENTIFIER = com.tychoyoung.Minute.iOS;
				PRODUCT_NAME = "$(TARGET_NAME)";
				SDKROOT = iphoneos;
				SWIFT_DEFAULT_ACTOR_ISOLATION = MainActor;
				SWIFT_VERSION = 5.0;
				TARGETED_DEVICE_FAMILY = "1,2";
			};
			name = Debug;
		};
		C10000000000000000000053 /* Release */ = {
			isa = XCBuildConfiguration;
			buildSettings = {
				CODE_SIGN_ENTITLEMENTS = MinuteIOS/MinuteIOS.entitlements;
				CODE_SIGN_STYLE = Automatic;
				CURRENT_PROJECT_VERSION = 1;
				DEVELOPMENT_TEAM = RSNC24Q9XR;
				ENABLE_PREVIEWS = YES;
				GENERATE_INFOPLIST_FILE = NO;
				INFOPLIST_FILE = MinuteIOSInfo.plist;
				IPHONEOS_DEPLOYMENT_TARGET = 17.0;
				LD_RUNPATH_SEARCH_PATHS = (
					"$(inherited)",
					"@executable_path/Frameworks",
				);
				MARKETING_VERSION = 1.0;
				PRODUCT_BUNDLE_IDENTIFIER = com.tychoyoung.Minute.iOS;
				PRODUCT_NAME = "$(TARGET_NAME)";
				SDKROOT = iphoneos;
				SWIFT_COMPILATION_MODE = wholemodule;
				SWIFT_DEFAULT_ACTOR_ISOLATION = MainActor;
				SWIFT_VERSION = 5.0;
				TARGETED_DEVICE_FAMILY = "1,2";
			};
			name = Release;
		};
		C10000000000000000000054 /* Debug */ = {
			isa = XCBuildConfiguration;
			buildSettings = {
				APPLICATION_EXTENSION_API_ONLY = YES;
				CODE_SIGN_ENTITLEMENTS = MinuteWidget/MinuteWidget.entitlements;
				CODE_SIGN_STYLE = Automatic;
				CURRENT_PROJECT_VERSION = 1;
				DEVELOPMENT_TEAM = RSNC24Q9XR;
				GENERATE_INFOPLIST_FILE = NO;
				INFOPLIST_FILE = MinuteWidgetInfo.plist;
				IPHONEOS_DEPLOYMENT_TARGET = 17.0;
				MARKETING_VERSION = 1.0;
				PRODUCT_BUNDLE_IDENTIFIER = com.tychoyoung.Minute.iOS.Widget;
				PRODUCT_NAME = "$(TARGET_NAME)";
				SDKROOT = iphoneos;
				SKIP_INSTALL = YES;
				SWIFT_VERSION = 5.0;
				TARGETED_DEVICE_FAMILY = "1,2";
			};
			name = Debug;
		};
		C10000000000000000000055 /* Release */ = {
			isa = XCBuildConfiguration;
			buildSettings = {
				APPLICATION_EXTENSION_API_ONLY = YES;
				CODE_SIGN_ENTITLEMENTS = MinuteWidget/MinuteWidget.entitlements;
				CODE_SIGN_STYLE = Automatic;
				CURRENT_PROJECT_VERSION = 1;
				DEVELOPMENT_TEAM = RSNC24Q9XR;
				GENERATE_INFOPLIST_FILE = NO;
				INFOPLIST_FILE = MinuteWidgetInfo.plist;
				IPHONEOS_DEPLOYMENT_TARGET = 17.0;
				MARKETING_VERSION = 1.0;
				PRODUCT_BUNDLE_IDENTIFIER = com.tychoyoung.Minute.iOS.Widget;
				PRODUCT_NAME = "$(TARGET_NAME)";
				SDKROOT = iphoneos;
				SKIP_INSTALL = YES;
				SWIFT_COMPILATION_MODE = wholemodule;
				SWIFT_VERSION = 5.0;
				TARGETED_DEVICE_FAMILY = "1,2";
			};
			name = Release;
		};
/* End XCBuildConfiguration section */

/* Begin XCConfigurationList section */
		7B5A08732F08554900FA9623 /* Build configuration list for PBXProject "Minute" */ = {
			isa = XCConfigurationList;
			buildConfigurations = (
				7B5A08812F08554A00FA9623 /* Debug */,
				7B5A08822F08554A00FA9623 /* Release */,
			);
			defaultConfigurationIsVisible = 0;
			defaultConfigurationName = Release;
		};
		7B5A08832F08554A00FA9623 /* Build configuration list for PBXNativeTarget "Minute" */ = {
			isa = XCConfigurationList;
			buildConfigurations = (
				7B5A08842F08554A00FA9623 /* Debug */,
				7B5A08852F08554A00FA9623 /* Release */,
			);
			defaultConfigurationIsVisible = 0;
			defaultConfigurationName = Release;
		};
		B10000000000000000000007 /* Build configuration list for PBXNativeTarget "MinuteTests" */ = {
			isa = XCConfigurationList;
			buildConfigurations = (
				B1000000000000000000000A /* Debug */,
				B1000000000000000000000B /* Release */,
			);
			defaultConfigurationIsVisible = 0;
			defaultConfigurationName = Release;
		};
		C10000000000000000000050 /* Build configuration list for PBXNativeTarget "Minute iOS" */ = {
			isa = XCConfigurationList;
			buildConfigurations = (
				C10000000000000000000052 /* Debug */,
				C10000000000000000000053 /* Release */,
			);
			defaultConfigurationIsVisible = 0;
			defaultConfigurationName = Release;
		};
		C10000000000000000000051 /* Build configuration list for PBXNativeTarget "MinuteWidget" */ = {
			isa = XCConfigurationList;
			buildConfigurations = (
				C10000000000000000000054 /* Debug */,
				C10000000000000000000055 /* Release */,
			);
			defaultConfigurationIsVisible = 0;
			defaultConfigurationName = Release;
		};
/* End XCConfigurationList section */
	};
	rootObject = 7B5A08702F08554900FA9623 /* Project object */;
}
